// !$*UTF8*$!
{
	archiveVersion = 1;
	classes = {
	};
	objectVersion = 51;
	objects = {

/* Begin PBXBuildFile section */
		2C22FBE82536607100C35C81 /* GoalRecord+CoreDataClass.swift in Sources */ = {isa = PBXBuildFile; fileRef = 2C22FBE62536607100C35C81 /* GoalRecord+CoreDataClass.swift */; };
		2C22FBE92536607100C35C81 /* GoalRecord+CoreDataProperties.swift in Sources */ = {isa = PBXBuildFile; fileRef = 2C22FBE72536607100C35C81 /* GoalRecord+CoreDataProperties.swift */; };
		2C301AC425150FE6006D7C6A /* AddFoodViewController.swift in Sources */ = {isa = PBXBuildFile; fileRef = 2C301AC325150FE6006D7C6A /* AddFoodViewController.swift */; };
		2C856A7A251A8F8400EAA879 /* DatabaseFunctions.swift in Sources */ = {isa = PBXBuildFile; fileRef = 2C856A79251A8F8400EAA879 /* DatabaseFunctions.swift */; };
		2C9AF9302502B8F900BB1058 /* DailyState.swift in Sources */ = {isa = PBXBuildFile; fileRef = 2C9AF92F2502B8F900BB1058 /* DailyState.swift */; };
		2C9AF93225040D3200BB1058 /* FoodViewController.swift in Sources */ = {isa = PBXBuildFile; fileRef = 2C9AF93125040D3200BB1058 /* FoodViewController.swift */; };
		2C9AF93B250414FF00BB1058 /* FoodRecord+CoreDataClass.swift in Sources */ = {isa = PBXBuildFile; fileRef = 2C9AF939250414FF00BB1058 /* FoodRecord+CoreDataClass.swift */; };
		2C9AF93C250414FF00BB1058 /* FoodRecord+CoreDataProperties.swift in Sources */ = {isa = PBXBuildFile; fileRef = 2C9AF93A250414FF00BB1058 /* FoodRecord+CoreDataProperties.swift */; };
		2CA992C02517A47D00048726 /* HomeViewController.swift in Sources */ = {isa = PBXBuildFile; fileRef = 2CA992BF2517A47D00048726 /* HomeViewController.swift */; };
		2CAE271025001CEB00BAAB6A /* AppDelegate.swift in Sources */ = {isa = PBXBuildFile; fileRef = 2CAE270F25001CEB00BAAB6A /* AppDelegate.swift */; };
		2CAE271225001CEB00BAAB6A /* SceneDelegate.swift in Sources */ = {isa = PBXBuildFile; fileRef = 2CAE271125001CEB00BAAB6A /* SceneDelegate.swift */; };
		2CAE271425001CEB00BAAB6A /* SettingsViewController.swift in Sources */ = {isa = PBXBuildFile; fileRef = 2CAE271325001CEB00BAAB6A /* SettingsViewController.swift */; };
		2CAE271725001CEB00BAAB6A /* Main.storyboard in Resources */ = {isa = PBXBuildFile; fileRef = 2CAE271525001CEB00BAAB6A /* Main.storyboard */; };
		2CAE271A25001CEB00BAAB6A /* Senior_Capstone.xcdatamodeld in Sources */ = {isa = PBXBuildFile; fileRef = 2CAE271825001CEB00BAAB6A /* Senior_Capstone.xcdatamodeld */; };
		2CAE271C25001CED00BAAB6A /* Assets.xcassets in Resources */ = {isa = PBXBuildFile; fileRef = 2CAE271B25001CED00BAAB6A /* Assets.xcassets */; };
		2CAE271F25001CED00BAAB6A /* LaunchScreen.storyboard in Resources */ = {isa = PBXBuildFile; fileRef = 2CAE271D25001CED00BAAB6A /* LaunchScreen.storyboard */; };
		AA1E9963E4DD955E5D493305 /* Pods_Senior_Capstone.framework in Frameworks */ = {isa = PBXBuildFile; fileRef = 143AAA652CBCEDDC0575C24B /* Pods_Senior_Capstone.framework */; };
/* End PBXBuildFile section */

/* Begin PBXFileReference section */
		143AAA652CBCEDDC0575C24B /* Pods_Senior_Capstone.framework */ = {isa = PBXFileReference; explicitFileType = wrapper.framework; includeInIndex = 0; path = Pods_Senior_Capstone.framework; sourceTree = BUILT_PRODUCTS_DIR; };
		2C22FBE62536607100C35C81 /* GoalRecord+CoreDataClass.swift */ = {isa = PBXFileReference; lastKnownFileType = sourcecode.swift; path = "GoalRecord+CoreDataClass.swift"; sourceTree = SOURCE_ROOT; };
		2C22FBE72536607100C35C81 /* GoalRecord+CoreDataProperties.swift */ = {isa = PBXFileReference; lastKnownFileType = sourcecode.swift; path = "GoalRecord+CoreDataProperties.swift"; sourceTree = SOURCE_ROOT; };
		2C301AC325150FE6006D7C6A /* AddFoodViewController.swift */ = {isa = PBXFileReference; lastKnownFileType = sourcecode.swift; path = AddFoodViewController.swift; sourceTree = "<group>"; };
		2C856A79251A8F8400EAA879 /* DatabaseFunctions.swift */ = {isa = PBXFileReference; lastKnownFileType = sourcecode.swift; path = DatabaseFunctions.swift; sourceTree = "<group>"; };
		2C9AF92F2502B8F900BB1058 /* DailyState.swift */ = {isa = PBXFileReference; lastKnownFileType = sourcecode.swift; path = DailyState.swift; sourceTree = "<group>"; };
		2C9AF93125040D3200BB1058 /* FoodViewController.swift */ = {isa = PBXFileReference; lastKnownFileType = sourcecode.swift; path = FoodViewController.swift; sourceTree = "<group>"; };
		2C9AF939250414FF00BB1058 /* FoodRecord+CoreDataClass.swift */ = {isa = PBXFileReference; lastKnownFileType = sourcecode.swift; path = "FoodRecord+CoreDataClass.swift"; sourceTree = SOURCE_ROOT; };
		2C9AF93A250414FF00BB1058 /* FoodRecord+CoreDataProperties.swift */ = {isa = PBXFileReference; lastKnownFileType = sourcecode.swift; path = "FoodRecord+CoreDataProperties.swift"; sourceTree = SOURCE_ROOT; };
		2CA992BF2517A47D00048726 /* HomeViewController.swift */ = {isa = PBXFileReference; lastKnownFileType = sourcecode.swift; path = HomeViewController.swift; sourceTree = "<group>"; };
		2CAE270C25001CEB00BAAB6A /* Senior Capstone.app */ = {isa = PBXFileReference; explicitFileType = wrapper.application; includeInIndex = 0; path = "Senior Capstone.app"; sourceTree = BUILT_PRODUCTS_DIR; };
		2CAE270F25001CEB00BAAB6A /* AppDelegate.swift */ = {isa = PBXFileReference; lastKnownFileType = sourcecode.swift; path = AppDelegate.swift; sourceTree = "<group>"; };
		2CAE271125001CEB00BAAB6A /* SceneDelegate.swift */ = {isa = PBXFileReference; lastKnownFileType = sourcecode.swift; path = SceneDelegate.swift; sourceTree = "<group>"; };
		2CAE271325001CEB00BAAB6A /* SettingsViewController.swift */ = {isa = PBXFileReference; lastKnownFileType = sourcecode.swift; path = SettingsViewController.swift; sourceTree = "<group>"; };
		2CAE271625001CEB00BAAB6A /* Base */ = {isa = PBXFileReference; lastKnownFileType = file.storyboard; name = Base; path = Base.lproj/Main.storyboard; sourceTree = "<group>"; };
		2CAE271925001CEB00BAAB6A /* Senior_Capstone.xcdatamodel */ = {isa = PBXFileReference; lastKnownFileType = wrapper.xcdatamodel; path = Senior_Capstone.xcdatamodel; sourceTree = "<group>"; };
		2CAE271B25001CED00BAAB6A /* Assets.xcassets */ = {isa = PBXFileReference; lastKnownFileType = folder.assetcatalog; path = Assets.xcassets; sourceTree = "<group>"; };
		2CAE271E25001CED00BAAB6A /* Base */ = {isa = PBXFileReference; lastKnownFileType = file.storyboard; name = Base; path = Base.lproj/LaunchScreen.storyboard; sourceTree = "<group>"; };
		2CAE272025001CED00BAAB6A /* Info.plist */ = {isa = PBXFileReference; lastKnownFileType = text.plist.xml; path = Info.plist; sourceTree = "<group>"; };
		6A3BBDAD2BC0500D587D335A /* Pods-Senior Capstone.release.xcconfig */ = {isa = PBXFileReference; includeInIndex = 1; lastKnownFileType = text.xcconfig; name = "Pods-Senior Capstone.release.xcconfig"; path = "Target Support Files/Pods-Senior Capstone/Pods-Senior Capstone.release.xcconfig"; sourceTree = "<group>"; };
		710BE54F3DC80F62C1CAFC4E /* Pods-Senior Capstone.debug.xcconfig */ = {isa = PBXFileReference; includeInIndex = 1; lastKnownFileType = text.xcconfig; name = "Pods-Senior Capstone.debug.xcconfig"; path = "Target Support Files/Pods-Senior Capstone/Pods-Senior Capstone.debug.xcconfig"; sourceTree = "<group>"; };
/* End PBXFileReference section */

/* Begin PBXFrameworksBuildPhase section */
		2CAE270925001CEB00BAAB6A /* Frameworks */ = {
			isa = PBXFrameworksBuildPhase;
			buildActionMask = 2147483647;
			files = (
				AA1E9963E4DD955E5D493305 /* Pods_Senior_Capstone.framework in Frameworks */,
			);
			runOnlyForDeploymentPostprocessing = 0;
		};
/* End PBXFrameworksBuildPhase section */

/* Begin PBXGroup section */
		2CAE270325001CEB00BAAB6A = {
			isa = PBXGroup;
			children = (
				2CAE270E25001CEB00BAAB6A /* Senior Capstone */,
				2CAE270D25001CEB00BAAB6A /* Products */,
				D0CA5E612770A3C9A746ED49 /* Pods */,
				D646C996946840F0E187FD40 /* Frameworks */,
			);
			sourceTree = "<group>";
		};
		2CAE270D25001CEB00BAAB6A /* Products */ = {
			isa = PBXGroup;
			children = (
				2CAE270C25001CEB00BAAB6A /* Senior Capstone.app */,
			);
			name = Products;
			sourceTree = "<group>";
		};
		2CAE270E25001CEB00BAAB6A /* Senior Capstone */ = {
			isa = PBXGroup;
			children = (
				2C22FBE62536607100C35C81 /* GoalRecord+CoreDataClass.swift */,
				2C22FBE72536607100C35C81 /* GoalRecord+CoreDataProperties.swift */,
				2C9AF939250414FF00BB1058 /* FoodRecord+CoreDataClass.swift */,
				2C9AF93A250414FF00BB1058 /* FoodRecord+CoreDataProperties.swift */,
				2CAE270F25001CEB00BAAB6A /* AppDelegate.swift */,
				2CAE271125001CEB00BAAB6A /* SceneDelegate.swift */,
				2CAE271325001CEB00BAAB6A /* SettingsViewController.swift */,
				2CAE271525001CEB00BAAB6A /* Main.storyboard */,
				2CA992BF2517A47D00048726 /* HomeViewController.swift */,
				2C301AC325150FE6006D7C6A /* AddFoodViewController.swift */,
				2C9AF93125040D3200BB1058 /* FoodViewController.swift */,
				2C9AF92F2502B8F900BB1058 /* DailyState.swift */,
				2C856A79251A8F8400EAA879 /* DatabaseFunctions.swift */,
				2CAE271B25001CED00BAAB6A /* Assets.xcassets */,
				2CAE271D25001CED00BAAB6A /* LaunchScreen.storyboard */,
				2CAE272025001CED00BAAB6A /* Info.plist */,
				2CAE271825001CEB00BAAB6A /* Senior_Capstone.xcdatamodeld */,
			);
			path = "Senior Capstone";
			sourceTree = "<group>";
		};
		D0CA5E612770A3C9A746ED49 /* Pods */ = {
			isa = PBXGroup;
			children = (
				710BE54F3DC80F62C1CAFC4E /* Pods-Senior Capstone.debug.xcconfig */,
				6A3BBDAD2BC0500D587D335A /* Pods-Senior Capstone.release.xcconfig */,
			);
			path = Pods;
			sourceTree = "<group>";
		};
		D646C996946840F0E187FD40 /* Frameworks */ = {
			isa = PBXGroup;
			children = (
				143AAA652CBCEDDC0575C24B /* Pods_Senior_Capstone.framework */,
			);
			name = Frameworks;
			sourceTree = "<group>";
		};
/* End PBXGroup section */

/* Begin PBXNativeTarget section */
		2CAE270B25001CEB00BAAB6A /* Senior Capstone */ = {
			isa = PBXNativeTarget;
			buildConfigurationList = 2CAE272325001CED00BAAB6A /* Build configuration list for PBXNativeTarget "Senior Capstone" */;
			buildPhases = (
				46E1C8DAFAEDF5EE1F36DA1A /* [CP] Check Pods Manifest.lock */,
				2CAE270825001CEB00BAAB6A /* Sources */,
				2CAE270925001CEB00BAAB6A /* Frameworks */,
				2CAE270A25001CEB00BAAB6A /* Resources */,
				93E9A497630A6267A0AD809E /* [CP] Embed Pods Frameworks */,
			);
			buildRules = (
			);
			dependencies = (
			);
			name = "Senior Capstone";
			productName = "Senior Capstone";
			productReference = 2CAE270C25001CEB00BAAB6A /* Senior Capstone.app */;
			productType = "com.apple.product-type.application";
		};
/* End PBXNativeTarget section */

/* Begin PBXProject section */
		2CAE270425001CEB00BAAB6A /* Project object */ = {
			isa = PBXProject;
			attributes = {
				LastSwiftUpdateCheck = 1130;
				LastUpgradeCheck = 1130;
				ORGANIZATIONNAME = "Madison Lucas";
				TargetAttributes = {
					2CAE270B25001CEB00BAAB6A = {
						CreatedOnToolsVersion = 11.3;
						LastSwiftMigration = 1130;
					};
				};
			};
			buildConfigurationList = 2CAE270725001CEB00BAAB6A /* Build configuration list for PBXProject "Senior Capstone" */;
			compatibilityVersion = "Xcode 9.3";
			developmentRegion = en;
			hasScannedForEncodings = 0;
			knownRegions = (
				en,
				Base,
			);
			mainGroup = 2CAE270325001CEB00BAAB6A;
			productRefGroup = 2CAE270D25001CEB00BAAB6A /* Products */;
			projectDirPath = "";
			projectRoot = "";
			targets = (
				2CAE270B25001CEB00BAAB6A /* Senior Capstone */,
			);
		};
/* End PBXProject section */

/* Begin PBXResourcesBuildPhase section */
		2CAE270A25001CEB00BAAB6A /* Resources */ = {
			isa = PBXResourcesBuildPhase;
			buildActionMask = 2147483647;
			files = (
				2CAE271F25001CED00BAAB6A /* LaunchScreen.storyboard in Resources */,
				2CAE271C25001CED00BAAB6A /* Assets.xcassets in Resources */,
				2CAE271725001CEB00BAAB6A /* Main.storyboard in Resources */,
			);
			runOnlyForDeploymentPostprocessing = 0;
		};
/* End PBXResourcesBuildPhase section */

/* Begin PBXShellScriptBuildPhase section */
		46E1C8DAFAEDF5EE1F36DA1A /* [CP] Check Pods Manifest.lock */ = {
			isa = PBXShellScriptBuildPhase;
			buildActionMask = 2147483647;
			files = (
			);
			inputFileListPaths = (
			);
			inputPaths = (
				"${PODS_PODFILE_DIR_PATH}/Podfile.lock",
				"${PODS_ROOT}/Manifest.lock",
			);
			name = "[CP] Check Pods Manifest.lock";
			outputFileListPaths = (
			);
			outputPaths = (
				"$(DERIVED_FILE_DIR)/Pods-Senior Capstone-checkManifestLockResult.txt",
			);
			runOnlyForDeploymentPostprocessing = 0;
			shellPath = /bin/sh;
			shellScript = "diff \"${PODS_PODFILE_DIR_PATH}/Podfile.lock\" \"${PODS_ROOT}/Manifest.lock\" > /dev/null\nif [ $? != 0 ] ; then\n    # print error to STDERR\n    echo \"error: The sandbox is not in sync with the Podfile.lock. Run 'pod install' or update your CocoaPods installation.\" >&2\n    exit 1\nfi\n# This output is used by Xcode 'outputs' to avoid re-running this script phase.\necho \"SUCCESS\" > \"${SCRIPT_OUTPUT_FILE_0}\"\n";
			showEnvVarsInLog = 0;
		};
		93E9A497630A6267A0AD809E /* [CP] Embed Pods Frameworks */ = {
			isa = PBXShellScriptBuildPhase;
			buildActionMask = 2147483647;
			files = (
			);
			inputFileListPaths = (
				"${PODS_ROOT}/Target Support Files/Pods-Senior Capstone/Pods-Senior Capstone-frameworks-${CONFIGURATION}-input-files.xcfilelist",
			);
			name = "[CP] Embed Pods Frameworks";
			outputFileListPaths = (
				"${PODS_ROOT}/Target Support Files/Pods-Senior Capstone/Pods-Senior Capstone-frameworks-${CONFIGURATION}-output-files.xcfilelist",
			);
			runOnlyForDeploymentPostprocessing = 0;
			shellPath = /bin/sh;
			shellScript = "\"${PODS_ROOT}/Target Support Files/Pods-Senior Capstone/Pods-Senior Capstone-frameworks.sh\"\n";
			showEnvVarsInLog = 0;
		};
/* End PBXShellScriptBuildPhase section */

/* Begin PBXSourcesBuildPhase section */
		2CAE270825001CEB00BAAB6A /* Sources */ = {
			isa = PBXSourcesBuildPhase;
			buildActionMask = 2147483647;
			files = (
				2CAE271A25001CEB00BAAB6A /* Senior_Capstone.xcdatamodeld in Sources */,
				2CAE271425001CEB00BAAB6A /* SettingsViewController.swift in Sources */,
				2C856A7A251A8F8400EAA879 /* DatabaseFunctions.swift in Sources */,
				2C22FBE82536607100C35C81 /* GoalRecord+CoreDataClass.swift in Sources */,
				2CAE271025001CEB00BAAB6A /* AppDelegate.swift in Sources */,
				2C9AF93225040D3200BB1058 /* FoodViewController.swift in Sources */,
				2C22FBE92536607100C35C81 /* GoalRecord+CoreDataProperties.swift in Sources */,
				2C301AC425150FE6006D7C6A /* AddFoodViewController.swift in Sources */,
				2CA992C02517A47D00048726 /* HomeViewController.swift in Sources */,
				2C9AF93B250414FF00BB1058 /* FoodRecord+CoreDataClass.swift in Sources */,
				2C9AF9302502B8F900BB1058 /* DailyState.swift in Sources */,
				2CAE271225001CEB00BAAB6A /* SceneDelegate.swift in Sources */,
				2C9AF93C250414FF00BB1058 /* FoodRecord+CoreDataProperties.swift in Sources */,
			);
			runOnlyForDeploymentPostprocessing = 0;
		};
/* End PBXSourcesBuildPhase section */

/* Begin PBXVariantGroup section */
		2CAE271525001CEB00BAAB6A /* Main.storyboard */ = {
			isa = PBXVariantGroup;
			children = (
				2CAE271625001CEB00BAAB6A /* Base */,
			);
			name = Main.storyboard;
			sourceTree = "<group>";
		};
		2CAE271D25001CED00BAAB6A /* LaunchScreen.storyboard */ = {
			isa = PBXVariantGroup;
			children = (
				2CAE271E25001CED00BAAB6A /* Base */,
			);
			name = LaunchScreen.storyboard;
			sourceTree = "<group>";
		};
/* End PBXVariantGroup section */

/* Begin XCBuildConfiguration section */
		2CAE272125001CED00BAAB6A /* Debug */ = {
			isa = XCBuildConfiguration;
			buildSettings = {
				ALWAYS_SEARCH_USER_PATHS = NO;
				CLANG_ANALYZER_NONNULL = YES;
				CLANG_ANALYZER_NUMBER_OBJECT_CONVERSION = YES_AGGRESSIVE;
				CLANG_CXX_LANGUAGE_STANDARD = "gnu++14";
				CLANG_CXX_LIBRARY = "libc++";
				CLANG_ENABLE_MODULES = YES;
				CLANG_ENABLE_OBJC_ARC = YES;
				CLANG_ENABLE_OBJC_WEAK = YES;
				CLANG_WARN_BLOCK_CAPTURE_AUTORELEASING = YES;
				CLANG_WARN_BOOL_CONVERSION = YES;
				CLANG_WARN_COMMA = YES;
				CLANG_WARN_CONSTANT_CONVERSION = YES;
				CLANG_WARN_DEPRECATED_OBJC_IMPLEMENTATIONS = YES;
				CLANG_WARN_DIRECT_OBJC_ISA_USAGE = YES_ERROR;
				CLANG_WARN_DOCUMENTATION_COMMENTS = YES;
				CLANG_WARN_EMPTY_BODY = YES;
				CLANG_WARN_ENUM_CONVERSION = YES;
				CLANG_WARN_INFINITE_RECURSION = YES;
				CLANG_WARN_INT_CONVERSION = YES;
				CLANG_WARN_NON_LITERAL_NULL_CONVERSION = YES;
				CLANG_WARN_OBJC_IMPLICIT_RETAIN_SELF = YES;
				CLANG_WARN_OBJC_LITERAL_CONVERSION = YES;
				CLANG_WARN_OBJC_ROOT_CLASS = YES_ERROR;
				CLANG_WARN_RANGE_LOOP_ANALYSIS = YES;
				CLANG_WARN_STRICT_PROTOTYPES = YES;
				CLANG_WARN_SUSPICIOUS_MOVE = YES;
				CLANG_WARN_UNGUARDED_AVAILABILITY = YES_AGGRESSIVE;
				CLANG_WARN_UNREACHABLE_CODE = YES;
				CLANG_WARN__DUPLICATE_METHOD_MATCH = YES;
				COPY_PHASE_STRIP = NO;
				DEBUG_INFORMATION_FORMAT = dwarf;
				ENABLE_STRICT_OBJC_MSGSEND = YES;
				ENABLE_TESTABILITY = YES;
				GCC_C_LANGUAGE_STANDARD = gnu11;
				GCC_DYNAMIC_NO_PIC = NO;
				GCC_NO_COMMON_BLOCKS = YES;
				GCC_OPTIMIZATION_LEVEL = 0;
				GCC_PREPROCESSOR_DEFINITIONS = (
					"DEBUG=1",
					"$(inherited)",
				);
				GCC_WARN_64_TO_32_BIT_CONVERSION = YES;
				GCC_WARN_ABOUT_RETURN_TYPE = YES_ERROR;
				GCC_WARN_UNDECLARED_SELECTOR = YES;
				GCC_WARN_UNINITIALIZED_AUTOS = YES_AGGRESSIVE;
				GCC_WARN_UNUSED_FUNCTION = YES;
				GCC_WARN_UNUSED_VARIABLE = YES;
				IPHONEOS_DEPLOYMENT_TARGET = 13.2;
				MTL_ENABLE_DEBUG_INFO = INCLUDE_SOURCE;
				MTL_FAST_MATH = YES;
				ONLY_ACTIVE_ARCH = YES;
				SDKROOT = iphoneos;
				SWIFT_ACTIVE_COMPILATION_CONDITIONS = DEBUG;
				SWIFT_OPTIMIZATION_LEVEL = "-Onone";
			};
			name = Debug;
		};
		2CAE272225001CED00BAAB6A /* Release */ = {
			isa = XCBuildConfiguration;
			buildSettings = {
				ALWAYS_SEARCH_USER_PATHS = NO;
				CLANG_ANALYZER_NONNULL = YES;
				CLANG_ANALYZER_NUMBER_OBJECT_CONVERSION = YES_AGGRESSIVE;
				CLANG_CXX_LANGUAGE_STANDARD = "gnu++14";
				CLANG_CXX_LIBRARY = "libc++";
				CLANG_ENABLE_MODULES = YES;
				CLANG_ENABLE_OBJC_ARC = YES;
				CLANG_ENABLE_OBJC_WEAK = YES;
				CLANG_WARN_BLOCK_CAPTURE_AUTORELEASING = YES;
				CLANG_WARN_BOOL_CONVERSION = YES;
				CLANG_WARN_COMMA = YES;
				CLANG_WARN_CONSTANT_CONVERSION = YES;
				CLANG_WARN_DEPRECATED_OBJC_IMPLEMENTATIONS = YES;
				CLANG_WARN_DIRECT_OBJC_ISA_USAGE = YES_ERROR;
				CLANG_WARN_DOCUMENTATION_COMMENTS = YES;
				CLANG_WARN_EMPTY_BODY = YES;
				CLANG_WARN_ENUM_CONVERSION = YES;
				CLANG_WARN_INFINITE_RECURSION = YES;
				CLANG_WARN_INT_CONVERSION = YES;
				CLANG_WARN_NON_LITERAL_NULL_CONVERSION = YES;
				CLANG_WARN_OBJC_IMPLICIT_RETAIN_SELF = YES;
				CLANG_WARN_OBJC_LITERAL_CONVERSION = YES;
				CLANG_WARN_OBJC_ROOT_CLASS = YES_ERROR;
				CLANG_WARN_RANGE_LOOP_ANALYSIS = YES;
				CLANG_WARN_STRICT_PROTOTYPES = YES;
				CLANG_WARN_SUSPICIOUS_MOVE = YES;
				CLANG_WARN_UNGUARDED_AVAILABILITY = YES_AGGRESSIVE;
				CLANG_WARN_UNREACHABLE_CODE = YES;
				CLANG_WARN__DUPLICATE_METHOD_MATCH = YES;
				COPY_PHASE_STRIP = NO;
				DEBUG_INFORMATION_FORMAT = "dwarf-with-dsym";
				ENABLE_NS_ASSERTIONS = NO;
				ENABLE_STRICT_OBJC_MSGSEND = YES;
				GCC_C_LANGUAGE_STANDARD = gnu11;
				GCC_NO_COMMON_BLOCKS = YES;
				GCC_WARN_64_TO_32_BIT_CONVERSION = YES;
				GCC_WARN_ABOUT_RETURN_TYPE = YES_ERROR;
				GCC_WARN_UNDECLARED_SELECTOR = YES;
				GCC_WARN_UNINITIALIZED_AUTOS = YES_AGGRESSIVE;
				GCC_WARN_UNUSED_FUNCTION = YES;
				GCC_WARN_UNUSED_VARIABLE = YES;
				IPHONEOS_DEPLOYMENT_TARGET = 13.2;
				MTL_ENABLE_DEBUG_INFO = NO;
				MTL_FAST_MATH = YES;
				SDKROOT = iphoneos;
				SWIFT_COMPILATION_MODE = wholemodule;
				SWIFT_OPTIMIZATION_LEVEL = "-O";
				VALIDATE_PRODUCT = YES;
			};
			name = Release;
		};
		2CAE272425001CED00BAAB6A /* Debug */ = {
			isa = XCBuildConfiguration;
			baseConfigurationReference = 710BE54F3DC80F62C1CAFC4E /* Pods-Senior Capstone.debug.xcconfig */;
			buildSettings = {
				ASSETCATALOG_COMPILER_APPICON_NAME = AppIcon;
				CLANG_ENABLE_MODULES = YES;
				CODE_SIGN_STYLE = Automatic;
				DEVELOPMENT_TEAM = M46FXS8KQT;
				INFOPLIST_FILE = "Senior Capstone/Info.plist";
				LD_RUNPATH_SEARCH_PATHS = (
					"$(inherited)",
					"@executable_path/Frameworks",
				);
				ONLY_ACTIVE_ARCH = NO;
				PRODUCT_BUNDLE_IDENTIFIER = "me.Senior-Capstone";
				PRODUCT_NAME = "$(TARGET_NAME)";
				SWIFT_OBJC_BRIDGING_HEADER = "Senior Capstone/Senior Capstone-Bridging-Header.h";
				SWIFT_OPTIMIZATION_LEVEL = "-Onone";
				SWIFT_VERSION = 5.0;
				TARGETED_DEVICE_FAMILY = "1,2";
			};
			name = Debug;
		};
		2CAE272525001CED00BAAB6A /* Release */ = {
			isa = XCBuildConfiguration;
			baseConfigurationReference = 6A3BBDAD2BC0500D587D335A /* Pods-Senior Capstone.release.xcconfig */;
			buildSettings = {
				ASSETCATALOG_COMPILER_APPICON_NAME = AppIcon;
				CLANG_ENABLE_MODULES = YES;
				CODE_SIGN_STYLE = Automatic;
				DEVELOPMENT_TEAM = M46FXS8KQT;
				INFOPLIST_FILE = "Senior Capstone/Info.plist";
				LD_RUNPATH_SEARCH_PATHS = (
					"$(inherited)",
					"@executable_path/Frameworks",
				);
				PRODUCT_BUNDLE_IDENTIFIER = "me.Senior-Capstone";
				PRODUCT_NAME = "$(TARGET_NAME)";
				SWIFT_OBJC_BRIDGING_HEADER = "Senior Capstone/Senior Capstone-Bridging-Header.h";
				SWIFT_VERSION = 5.0;
				TARGETED_DEVICE_FAMILY = "1,2";
			};
			name = Release;
		};
/* End XCBuildConfiguration section */

/* Begin XCConfigurationList section */
		2CAE270725001CEB00BAAB6A /* Build configuration list for PBXProject "Senior Capstone" */ = {
			isa = XCConfigurationList;
			buildConfigurations = (
				2CAE272125001CED00BAAB6A /* Debug */,
				2CAE272225001CED00BAAB6A /* Release */,
			);
			defaultConfigurationIsVisible = 0;
			defaultConfigurationName = Release;
		};
		2CAE272325001CED00BAAB6A /* Build configuration list for PBXNativeTarget "Senior Capstone" */ = {
			isa = XCConfigurationList;
			buildConfigurations = (
				2CAE272425001CED00BAAB6A /* Debug */,
				2CAE272525001CED00BAAB6A /* Release */,
			);
			defaultConfigurationIsVisible = 0;
			defaultConfigurationName = Release;
		};
/* End XCConfigurationList section */

/* Begin XCVersionGroup section */
		2CAE271825001CEB00BAAB6A /* Senior_Capstone.xcdatamodeld */ = {
			isa = XCVersionGroup;
			children = (
				2CAE271925001CEB00BAAB6A /* Senior_Capstone.xcdatamodel */,
			);
			currentVersion = 2CAE271925001CEB00BAAB6A /* Senior_Capstone.xcdatamodel */;
			path = Senior_Capstone.xcdatamodeld;
			sourceTree = "<group>";
			versionGroupType = wrapper.xcdatamodel;
		};
/* End XCVersionGroup section */
	};
	rootObject = 2CAE270425001CEB00BAAB6A /* Project object */;
}
